
Microsoft Visual Studio Solution File, Format Version 12.00
# Visual Studio Version 16
VisualStudioVersion = 16.0.29306.81
MinimumVisualStudioVersion = 10.0.40219.1
Project("{FAE04EC0-301F-11D3-BF4B-00C04F79EFBC}") = "Tetris", "Tetris.csproj", "{CE13D112-7FD4-4182-A7DB-A114C7E8D8B2}"
EndProject
Global
	GlobalSection(SolutionConfigurationPlatforms) = preSolution
		Debug|Any CPU = Debug|Any CPU
		Release|Any CPU = Release|Any CPU
	EndGlobalSection
	GlobalSection(ProjectConfigurationPlatforms) = postSolution
		{CE13D112-7FD4-4182-A7DB-A114C7E8D8B2}.Debug|Any CPU.ActiveCfg = Debug|Any CPU
		{CE13D112-7FD4-4182-A7DB-A114C7E8D8B2}.Debug|Any CPU.Build.0 = Debug|Any CPU
		{CE13D112-7FD4-4182-A7DB-A114C7E8D8B2}.Release|Any CPU.ActiveCfg = Release|Any CPU
		{CE13D112-7FD4-4182-A7DB-A114C7E8D8B2}.Release|Any CPU.Build.0 = Release|Any CPU
	EndGlobalSection
	GlobalSection(SolutionProperties) = preSolution
		HideSolutionNode = FALSE
	EndGlobalSection
	GlobalSection(ExtensibilityGlobals) = postSolution
		SolutionGuid = {FEADFFAB-FB04-4945-9F17-6B8CE876E68F}
	EndGlobalSection
EndGlobal
